// !$*UTF8*$!
{
	archiveVersion = 1;
	classes = {
	};
	objectVersion = 46;
	objects = {

/* Begin PBXAggregateTarget section */
		06FD14B215848A1E00FDCD9E /* MUKImageFetcherDocumentation */ = {
			isa = PBXAggregateTarget;
			buildConfigurationList = 06FD14B315848A1E00FDCD9E /* Build configuration list for PBXAggregateTarget "MUKImageFetcherDocumentation" */;
			buildPhases = (
				06FD14B615848A3500FDCD9E /* ShellScript */,
			);
			dependencies = (
			);
			name = MUKImageFetcherDocumentation;
			productName = MUKImageFetcherDocumentation;
		};
/* End PBXAggregateTarget section */

/* Begin PBXBuildFile section */
		06FD13DD158482D400FDCD9E /* Foundation.framework in Frameworks */ = {isa = PBXBuildFile; fileRef = 06FD13DC158482D400FDCD9E /* Foundation.framework */; };
		06FD13E3158482D400FDCD9E /* MUKImageFetcher.m in Sources */ = {isa = PBXBuildFile; fileRef = 06FD13E2158482D400FDCD9E /* MUKImageFetcher.m */; };
		06FD13EB158482D400FDCD9E /* SenTestingKit.framework in Frameworks */ = {isa = PBXBuildFile; fileRef = 06FD13EA158482D400FDCD9E /* SenTestingKit.framework */; };
		06FD13ED158482D400FDCD9E /* UIKit.framework in Frameworks */ = {isa = PBXBuildFile; fileRef = 06FD13EC158482D400FDCD9E /* UIKit.framework */; };
		06FD13EE158482D400FDCD9E /* Foundation.framework in Frameworks */ = {isa = PBXBuildFile; fileRef = 06FD13DC158482D400FDCD9E /* Foundation.framework */; };
		06FD13F1158482D400FDCD9E /* libMUKImageFetcher.a in Frameworks */ = {isa = PBXBuildFile; fileRef = 06FD13D9158482D400FDCD9E /* libMUKImageFetcher.a */; };
		06FD13F7158482D400FDCD9E /* InfoPlist.strings in Resources */ = {isa = PBXBuildFile; fileRef = 06FD13F5158482D400FDCD9E /* InfoPlist.strings */; };
		06FD13FA158482D400FDCD9E /* MUKImageFetcherTests.m in Sources */ = {isa = PBXBuildFile; fileRef = 06FD13F9158482D400FDCD9E /* MUKImageFetcherTests.m */; };
		06FD1450158485E000FDCD9E /* MUKObjectCache.h in Headers */ = {isa = PBXBuildFile; fileRef = 06FD144F158485E000FDCD9E /* MUKObjectCache.h */; };
		06FD1454158485EF00FDCD9E /* MUKURLConnection.h in Headers */ = {isa = PBXBuildFile; fileRef = 06FD1451158485EF00FDCD9E /* MUKURLConnection.h */; };
		06FD1455158485EF00FDCD9E /* MUKNetworking.h in Headers */ = {isa = PBXBuildFile; fileRef = 06FD1452158485EF00FDCD9E /* MUKNetworking.h */; };
		06FD1456158485EF00FDCD9E /* MUKURLConnectionQueue.h in Headers */ = {isa = PBXBuildFile; fileRef = 06FD1453158485EF00FDCD9E /* MUKURLConnectionQueue.h */; };
		06FD14581584864300FDCD9E /* MUKObjectCache.h in Copy MUKObjectCache public headers */ = {isa = PBXBuildFile; fileRef = 06FD144F158485E000FDCD9E /* MUKObjectCache.h */; };
		06FD145A1584868E00FDCD9E /* MUKURLConnection.h in Copy MUKNetworking public headers */ = {isa = PBXBuildFile; fileRef = 06FD1451158485EF00FDCD9E /* MUKURLConnection.h */; };
		06FD145B1584868E00FDCD9E /* MUKNetworking.h in Copy MUKNetworking public headers */ = {isa = PBXBuildFile; fileRef = 06FD1452158485EF00FDCD9E /* MUKNetworking.h */; };
		06FD145C1584868E00FDCD9E /* MUKURLConnectionQueue.h in Copy MUKNetworking public headers */ = {isa = PBXBuildFile; fileRef = 06FD1453158485EF00FDCD9E /* MUKURLConnectionQueue.h */; };
		06FD145D158486D200FDCD9E /* MUKImageFetcher.h in Headers */ = {isa = PBXBuildFile; fileRef = 06FD13E1158482D400FDCD9E /* MUKImageFetcher.h */; settings = {ATTRIBUTES = (Public, ); }; };
		06FD147A1584879800FDCD9E /* MUKToolkit.h in Headers */ = {isa = PBXBuildFile; fileRef = 06FD14711584879800FDCD9E /* MUKToolkit.h */; };
		06FD147B1584879800FDCD9E /* MUK.h in Headers */ = {isa = PBXBuildFile; fileRef = 06FD14721584879800FDCD9E /* MUK.h */; };
		06FD147C1584879800FDCD9E /* MUK+String.h in Headers */ = {isa = PBXBuildFile; fileRef = 06FD14731584879800FDCD9E /* MUK+String.h */; };
		06FD147D1584879800FDCD9E /* MUK+Date.h in Headers */ = {isa = PBXBuildFile; fileRef = 06FD14741584879800FDCD9E /* MUK+Date.h */; };
		06FD147E1584879800FDCD9E /* MUK+Array.h in Headers */ = {isa = PBXBuildFile; fileRef = 06FD14751584879800FDCD9E /* MUK+Array.h */; };
		06FD147F1584879800FDCD9E /* MUK+URL.h in Headers */ = {isa = PBXBuildFile; fileRef = 06FD14761584879800FDCD9E /* MUK+URL.h */; };
		06FD14801584879800FDCD9E /* MUK+Geometry.h in Headers */ = {isa = PBXBuildFile; fileRef = 06FD14771584879800FDCD9E /* MUK+Geometry.h */; };
		06FD14811584879800FDCD9E /* MUK+Object.h in Headers */ = {isa = PBXBuildFile; fileRef = 06FD14781584879800FDCD9E /* MUK+Object.h */; };
		06FD14821584879800FDCD9E /* MUK+Data.h in Headers */ = {isa = PBXBuildFile; fileRef = 06FD14791584879800FDCD9E /* MUK+Data.h */; };
		06FD1484158487C500FDCD9E /* MUKToolkit.h in Copy MUKToolkit public headers */ = {isa = PBXBuildFile; fileRef = 06FD14711584879800FDCD9E /* MUKToolkit.h */; };
		06FD1485158487C500FDCD9E /* MUK.h in Copy MUKToolkit public headers */ = {isa = PBXBuildFile; fileRef = 06FD14721584879800FDCD9E /* MUK.h */; };
		06FD1486158487C500FDCD9E /* MUK+String.h in Copy MUKToolkit public headers */ = {isa = PBXBuildFile; fileRef = 06FD14731584879800FDCD9E /* MUK+String.h */; };
		06FD1487158487C500FDCD9E /* MUK+Date.h in Copy MUKToolkit public headers */ = {isa = PBXBuildFile; fileRef = 06FD14741584879800FDCD9E /* MUK+Date.h */; };
		06FD1488158487C500FDCD9E /* MUK+Array.h in Copy MUKToolkit public headers */ = {isa = PBXBuildFile; fileRef = 06FD14751584879800FDCD9E /* MUK+Array.h */; };
		06FD1489158487C500FDCD9E /* MUK+URL.h in Copy MUKToolkit public headers */ = {isa = PBXBuildFile; fileRef = 06FD14761584879800FDCD9E /* MUK+URL.h */; };
		06FD148A158487C500FDCD9E /* MUK+Geometry.h in Copy MUKToolkit public headers */ = {isa = PBXBuildFile; fileRef = 06FD14771584879800FDCD9E /* MUK+Geometry.h */; };
		06FD148B158487C500FDCD9E /* MUK+Object.h in Copy MUKToolkit public headers */ = {isa = PBXBuildFile; fileRef = 06FD14781584879800FDCD9E /* MUK+Object.h */; };
		06FD148C158487C500FDCD9E /* MUK+Data.h in Copy MUKToolkit public headers */ = {isa = PBXBuildFile; fileRef = 06FD14791584879800FDCD9E /* MUK+Data.h */; };
		06FD14A01584895D00FDCD9E /* MUKImageFetcherURLConnectionQueue_.h in Headers */ = {isa = PBXBuildFile; fileRef = 06FD149E1584895D00FDCD9E /* MUKImageFetcherURLConnectionQueue_.h */; };
		06FD14A11584895D00FDCD9E /* MUKImageFetcherURLConnectionQueue_.m in Sources */ = {isa = PBXBuildFile; fileRef = 06FD149F1584895D00FDCD9E /* MUKImageFetcherURLConnectionQueue_.m */; };
		06FD14BA15848B5A00FDCD9E /* libMUKNetworking.a in Frameworks */ = {isa = PBXBuildFile; fileRef = 06FD14B715848B5A00FDCD9E /* libMUKNetworking.a */; };
		06FD14BB15848B5A00FDCD9E /* libMUKObjectCache.a in Frameworks */ = {isa = PBXBuildFile; fileRef = 06FD14B815848B5A00FDCD9E /* libMUKObjectCache.a */; };
		06FD14BC15848B5A00FDCD9E /* libMUKToolkit.a in Frameworks */ = {isa = PBXBuildFile; fileRef = 06FD14B915848B5A00FDCD9E /* libMUKToolkit.a */; };
		06FD14BE15848D8800FDCD9E /* Steve-Jobs.jpg in Resources */ = {isa = PBXBuildFile; fileRef = 06FD14BD15848D8800FDCD9E /* Steve-Jobs.jpg */; };
/* End PBXBuildFile section */

/* Begin PBXContainerItemProxy section */
		06FD13EF158482D400FDCD9E /* PBXContainerItemProxy */ = {
			isa = PBXContainerItemProxy;
			containerPortal = 06FD13D0158482D300FDCD9E /* Project object */;
			proxyType = 1;
			remoteGlobalIDString = 06FD13D8158482D400FDCD9E;
			remoteInfo = MUKImageFetcher;
		};
/* End PBXContainerItemProxy section */

/* Begin PBXCopyFilesBuildPhase section */
		06FD14571584862700FDCD9E /* Copy MUKObjectCache public headers */ = {
			isa = PBXCopyFilesBuildPhase;
			buildActionMask = 2147483647;
			dstPath = MUK/DependenciesHeaders/MUKObjectCache;
			dstSubfolderSpec = 16;
			files = (
				06FD14581584864300FDCD9E /* MUKObjectCache.h in Copy MUKObjectCache public headers */,
			);
			name = "Copy MUKObjectCache public headers";
			runOnlyForDeploymentPostprocessing = 0;
		};
		06FD14591584866500FDCD9E /* Copy MUKNetworking public headers */ = {
			isa = PBXCopyFilesBuildPhase;
			buildActionMask = 2147483647;
			dstPath = MUK/DependenciesHeaders/MUKNetworking;
			dstSubfolderSpec = 16;
			files = (
				06FD145A1584868E00FDCD9E /* MUKURLConnection.h in Copy MUKNetworking public headers */,
				06FD145B1584868E00FDCD9E /* MUKNetworking.h in Copy MUKNetworking public headers */,
				06FD145C1584868E00FDCD9E /* MUKURLConnectionQueue.h in Copy MUKNetworking public headers */,
			);
			name = "Copy MUKNetworking public headers";
			runOnlyForDeploymentPostprocessing = 0;
		};
		06FD1483158487A100FDCD9E /* Copy MUKToolkit public headers */ = {
			isa = PBXCopyFilesBuildPhase;
			buildActionMask = 2147483647;
			dstPath = MUK/DependenciesHeaders/MUKToolkit;
			dstSubfolderSpec = 7;
			files = (
				06FD1484158487C500FDCD9E /* MUKToolkit.h in Copy MUKToolkit public headers */,
				06FD1485158487C500FDCD9E /* MUK.h in Copy MUKToolkit public headers */,
				06FD1486158487C500FDCD9E /* MUK+String.h in Copy MUKToolkit public headers */,
				06FD1487158487C500FDCD9E /* MUK+Date.h in Copy MUKToolkit public headers */,
				06FD1488158487C500FDCD9E /* MUK+Array.h in Copy MUKToolkit public headers */,
				06FD1489158487C500FDCD9E /* MUK+URL.h in Copy MUKToolkit public headers */,
				06FD148A158487C500FDCD9E /* MUK+Geometry.h in Copy MUKToolkit public headers */,
				06FD148B158487C500FDCD9E /* MUK+Object.h in Copy MUKToolkit public headers */,
				06FD148C158487C500FDCD9E /* MUK+Data.h in Copy MUKToolkit public headers */,
			);
			name = "Copy MUKToolkit public headers";
			runOnlyForDeploymentPostprocessing = 0;
		};
/* End PBXCopyFilesBuildPhase section */

/* Begin PBXFileReference section */
		06FD13D9158482D400FDCD9E /* libMUKImageFetcher.a */ = {isa = PBXFileReference; explicitFileType = archive.ar; includeInIndex = 0; path = libMUKImageFetcher.a; sourceTree = BUILT_PRODUCTS_DIR; };
		06FD13DC158482D400FDCD9E /* Foundation.framework */ = {isa = PBXFileReference; lastKnownFileType = wrapper.framework; name = Foundation.framework; path = System/Library/Frameworks/Foundation.framework; sourceTree = SDKROOT; };
		06FD13E0158482D400FDCD9E /* MUKImageFetcher-Prefix.pch */ = {isa = PBXFileReference; lastKnownFileType = sourcecode.c.h; path = "MUKImageFetcher-Prefix.pch"; sourceTree = "<group>"; };
		06FD13E1158482D400FDCD9E /* MUKImageFetcher.h */ = {isa = PBXFileReference; lastKnownFileType = sourcecode.c.h; path = MUKImageFetcher.h; sourceTree = "<group>"; };
		06FD13E2158482D400FDCD9E /* MUKImageFetcher.m */ = {isa = PBXFileReference; lastKnownFileType = sourcecode.c.objc; path = MUKImageFetcher.m; sourceTree = "<group>"; };
		06FD13E9158482D400FDCD9E /* MUKImageFetcherTests.octest */ = {isa = PBXFileReference; explicitFileType = wrapper.cfbundle; includeInIndex = 0; path = MUKImageFetcherTests.octest; sourceTree = BUILT_PRODUCTS_DIR; };
		06FD13EA158482D400FDCD9E /* SenTestingKit.framework */ = {isa = PBXFileReference; lastKnownFileType = wrapper.framework; name = SenTestingKit.framework; path = Library/Frameworks/SenTestingKit.framework; sourceTree = DEVELOPER_DIR; };
		06FD13EC158482D400FDCD9E /* UIKit.framework */ = {isa = PBXFileReference; lastKnownFileType = wrapper.framework; name = UIKit.framework; path = Library/Frameworks/UIKit.framework; sourceTree = DEVELOPER_DIR; };
		06FD13F4158482D400FDCD9E /* MUKImageFetcherTests-Info.plist */ = {isa = PBXFileReference; lastKnownFileType = text.plist.xml; path = "MUKImageFetcherTests-Info.plist"; sourceTree = "<group>"; };
		06FD13F6158482D400FDCD9E /* en */ = {isa = PBXFileReference; lastKnownFileType = text.plist.strings; name = en; path = en.lproj/InfoPlist.strings; sourceTree = "<group>"; };
		06FD13F8158482D400FDCD9E /* MUKImageFetcherTests.h */ = {isa = PBXFileReference; lastKnownFileType = sourcecode.c.h; path = MUKImageFetcherTests.h; sourceTree = "<group>"; };
		06FD13F9158482D400FDCD9E /* MUKImageFetcherTests.m */ = {isa = PBXFileReference; lastKnownFileType = sourcecode.c.objc; path = MUKImageFetcherTests.m; sourceTree = "<group>"; };
		06FD144F158485E000FDCD9E /* MUKObjectCache.h */ = {isa = PBXFileReference; fileEncoding = 4; lastKnownFileType = sourcecode.c.h; name = MUKObjectCache.h; path = Submodules/MUKObjectCache/MUKObjectCache/MUKObjectCache.h; sourceTree = SOURCE_ROOT; };
		06FD1451158485EF00FDCD9E /* MUKURLConnection.h */ = {isa = PBXFileReference; fileEncoding = 4; lastKnownFileType = sourcecode.c.h; name = MUKURLConnection.h; path = "Submodules/MUKNetworking/MUKNetworking/Classes/URL Connection/MUKURLConnection.h"; sourceTree = SOURCE_ROOT; };
		06FD1452158485EF00FDCD9E /* MUKNetworking.h */ = {isa = PBXFileReference; fileEncoding = 4; lastKnownFileType = sourcecode.c.h; name = MUKNetworking.h; path = Submodules/MUKNetworking/MUKNetworking/MUKNetworking.h; sourceTree = SOURCE_ROOT; };
		06FD1453158485EF00FDCD9E /* MUKURLConnectionQueue.h */ = {isa = PBXFileReference; fileEncoding = 4; lastKnownFileType = sourcecode.c.h; name = MUKURLConnectionQueue.h; path = Submodules/MUKNetworking/MUKNetworking/Classes/Queue/MUKURLConnectionQueue.h; sourceTree = SOURCE_ROOT; };
		06FD14711584879800FDCD9E /* MUKToolkit.h */ = {isa = PBXFileReference; fileEncoding = 4; lastKnownFileType = sourcecode.c.h; name = MUKToolkit.h; path = Submodules/MUKToolkit/MUKToolkit/MUKToolkit.h; sourceTree = SOURCE_ROOT; };
		06FD14721584879800FDCD9E /* MUK.h */ = {isa = PBXFileReference; fileEncoding = 4; lastKnownFileType = sourcecode.c.h; name = MUK.h; path = Submodules/MUKToolkit/MUKToolkit/Classes/Base/MUK.h; sourceTree = SOURCE_ROOT; };
		06FD14731584879800FDCD9E /* MUK+String.h */ = {isa = PBXFileReference; fileEncoding = 4; lastKnownFileType = sourcecode.c.h; name = "MUK+String.h"; path = "Submodules/MUKToolkit/MUKToolkit/Classes/String/MUK+String.h"; sourceTree = SOURCE_ROOT; };
		06FD14741584879800FDCD9E /* MUK+Date.h */ = {isa = PBXFileReference; fileEncoding = 4; lastKnownFileType = sourcecode.c.h; name = "MUK+Date.h"; path = "Submodules/MUKToolkit/MUKToolkit/Classes/Date/MUK+Date.h"; sourceTree = SOURCE_ROOT; };
		06FD14751584879800FDCD9E /* MUK+Array.h */ = {isa = PBXFileReference; fileEncoding = 4; lastKnownFileType = sourcecode.c.h; name = "MUK+Array.h"; path = "Submodules/MUKToolkit/MUKToolkit/Classes/Array/MUK+Array.h"; sourceTree = SOURCE_ROOT; };
		06FD14761584879800FDCD9E /* MUK+URL.h */ = {isa = PBXFileReference; fileEncoding = 4; lastKnownFileType = sourcecode.c.h; name = "MUK+URL.h"; path = "Submodules/MUKToolkit/MUKToolkit/Classes/URL/MUK+URL.h"; sourceTree = SOURCE_ROOT; };
		06FD14771584879800FDCD9E /* MUK+Geometry.h */ = {isa = PBXFileReference; fileEncoding = 4; lastKnownFileType = sourcecode.c.h; name = "MUK+Geometry.h"; path = "Submodules/MUKToolkit/MUKToolkit/Classes/Geometry/MUK+Geometry.h"; sourceTree = SOURCE_ROOT; };
		06FD14781584879800FDCD9E /* MUK+Object.h */ = {isa = PBXFileReference; fileEncoding = 4; lastKnownFileType = sourcecode.c.h; name = "MUK+Object.h"; path = "Submodules/MUKToolkit/MUKToolkit/Classes/Object/MUK+Object.h"; sourceTree = SOURCE_ROOT; };
		06FD14791584879800FDCD9E /* MUK+Data.h */ = {isa = PBXFileReference; fileEncoding = 4; lastKnownFileType = sourcecode.c.h; name = "MUK+Data.h"; path = "Submodules/MUKToolkit/MUKToolkit/Classes/Data/MUK+Data.h"; sourceTree = SOURCE_ROOT; };
		06FD149E1584895D00FDCD9E /* MUKImageFetcherURLConnectionQueue_.h */ = {isa = PBXFileReference; fileEncoding = 4; lastKnownFileType = sourcecode.c.h; path = MUKImageFetcherURLConnectionQueue_.h; sourceTree = "<group>"; };
		06FD149F1584895D00FDCD9E /* MUKImageFetcherURLConnectionQueue_.m */ = {isa = PBXFileReference; fileEncoding = 4; lastKnownFileType = sourcecode.c.objc; path = MUKImageFetcherURLConnectionQueue_.m; sourceTree = "<group>"; };
		06FD14B1158489E700FDCD9E /* LICENSE */ = {isa = PBXFileReference; lastKnownFileType = text; path = LICENSE; sourceTree = "<group>"; };
		06FD14B715848B5A00FDCD9E /* libMUKNetworking.a */ = {isa = PBXFileReference; lastKnownFileType = file; name = libMUKNetworking.a; path = "Submodules/MUKNetworking/build/Release-iphoneos/libMUKNetworking.a"; sourceTree = "<group>"; };
		06FD14B815848B5A00FDCD9E /* libMUKObjectCache.a */ = {isa = PBXFileReference; lastKnownFileType = file; name = libMUKObjectCache.a; path = "Submodules/MUKObjectCache/build/Release-iphoneos/libMUKObjectCache.a"; sourceTree = "<group>"; };
		06FD14B915848B5A00FDCD9E /* libMUKToolkit.a */ = {isa = PBXFileReference; lastKnownFileType = file; name = libMUKToolkit.a; path = "Submodules/MUKToolkit/build/Release-iphoneos/libMUKToolkit.a"; sourceTree = "<group>"; };
		06FD14BD15848D8800FDCD9E /* Steve-Jobs.jpg */ = {isa = PBXFileReference; lastKnownFileType = image.jpeg; path = "Steve-Jobs.jpg"; sourceTree = "<group>"; };
/* End PBXFileReference section */

/* Begin PBXFrameworksBuildPhase section */
		06FD13D6158482D400FDCD9E /* Frameworks */ = {
			isa = PBXFrameworksBuildPhase;
			buildActionMask = 2147483647;
			files = (
				06FD13DD158482D400FDCD9E /* Foundation.framework in Frameworks */,
			);
			runOnlyForDeploymentPostprocessing = 0;
		};
		06FD13E5158482D400FDCD9E /* Frameworks */ = {
			isa = PBXFrameworksBuildPhase;
			buildActionMask = 2147483647;
			files = (
				06FD14BA15848B5A00FDCD9E /* libMUKNetworking.a in Frameworks */,
				06FD14BB15848B5A00FDCD9E /* libMUKObjectCache.a in Frameworks */,
				06FD14BC15848B5A00FDCD9E /* libMUKToolkit.a in Frameworks */,
				06FD13EB158482D400FDCD9E /* SenTestingKit.framework in Frameworks */,
				06FD13ED158482D400FDCD9E /* UIKit.framework in Frameworks */,
				06FD13EE158482D400FDCD9E /* Foundation.framework in Frameworks */,
				06FD13F1158482D400FDCD9E /* libMUKImageFetcher.a in Frameworks */,
			);
			runOnlyForDeploymentPostprocessing = 0;
		};
/* End PBXFrameworksBuildPhase section */

/* Begin PBXGroup section */
		06FD13CE158482D300FDCD9E = {
			isa = PBXGroup;
			children = (
				06FD14B1158489E700FDCD9E /* LICENSE */,
				06FD13DE158482D400FDCD9E /* MUKImageFetcher */,
				06FD13F2158482D400FDCD9E /* MUKImageFetcherTests */,
				06FD13DB158482D400FDCD9E /* Frameworks */,
				06FD13DA158482D400FDCD9E /* Products */,
			);
			sourceTree = "<group>";
		};
		06FD13DA158482D400FDCD9E /* Products */ = {
			isa = PBXGroup;
			children = (
				06FD13D9158482D400FDCD9E /* libMUKImageFetcher.a */,
				06FD13E9158482D400FDCD9E /* MUKImageFetcherTests.octest */,
			);
			name = Products;
			sourceTree = "<group>";
		};
		06FD13DB158482D400FDCD9E /* Frameworks */ = {
			isa = PBXGroup;
			children = (
				06FD14B715848B5A00FDCD9E /* libMUKNetworking.a */,
				06FD14B815848B5A00FDCD9E /* libMUKObjectCache.a */,
				06FD14B915848B5A00FDCD9E /* libMUKToolkit.a */,
				06FD13DC158482D400FDCD9E /* Foundation.framework */,
				06FD13EA158482D400FDCD9E /* SenTestingKit.framework */,
				06FD13EC158482D400FDCD9E /* UIKit.framework */,
			);
			name = Frameworks;
			sourceTree = "<group>";
		};
		06FD13DE158482D400FDCD9E /* MUKImageFetcher */ = {
			isa = PBXGroup;
			children = (
				06FD13E1158482D400FDCD9E /* MUKImageFetcher.h */,
				06FD13E2158482D400FDCD9E /* MUKImageFetcher.m */,
				06FD149D1584894900FDCD9E /* Private Classes */,
				06FD13DF158482D400FDCD9E /* Supporting Files */,
			);
			path = MUKImageFetcher;
			sourceTree = "<group>";
		};
		06FD13DF158482D400FDCD9E /* Supporting Files */ = {
			isa = PBXGroup;
			children = (
				06FD142F1584853F00FDCD9E /* Dependencies Headers */,
				06FD13E0158482D400FDCD9E /* MUKImageFetcher-Prefix.pch */,
			);
			name = "Supporting Files";
			sourceTree = "<group>";
		};
		06FD13F2158482D400FDCD9E /* MUKImageFetcherTests */ = {
			isa = PBXGroup;
			children = (
				06FD13F8158482D400FDCD9E /* MUKImageFetcherTests.h */,
				06FD13F9158482D400FDCD9E /* MUKImageFetcherTests.m */,
				06FD13F3158482D400FDCD9E /* Supporting Files */,
			);
			path = MUKImageFetcherTests;
			sourceTree = "<group>";
		};
		06FD13F3158482D400FDCD9E /* Supporting Files */ = {
			isa = PBXGroup;
			children = (
				06FD14BD15848D8800FDCD9E /* Steve-Jobs.jpg */,
				06FD13F4158482D400FDCD9E /* MUKImageFetcherTests-Info.plist */,
				06FD13F5158482D400FDCD9E /* InfoPlist.strings */,
			);
			name = "Supporting Files";
			sourceTree = "<group>";
		};
		06FD142F1584853F00FDCD9E /* Dependencies Headers */ = {
			isa = PBXGroup;
			children = (
				06FD14701584878900FDCD9E /* MUKToolkit */,
				06FD144E158485CE00FDCD9E /* MUKNetworking */,
				06FD144D158485A200FDCD9E /* MUKObjectCache */,
			);
			name = "Dependencies Headers";
			sourceTree = "<group>";
		};
		06FD144D158485A200FDCD9E /* MUKObjectCache */ = {
			isa = PBXGroup;
			children = (
				06FD144F158485E000FDCD9E /* MUKObjectCache.h */,
			);
			name = MUKObjectCache;
			sourceTree = "<group>";
		};
		06FD144E158485CE00FDCD9E /* MUKNetworking */ = {
			isa = PBXGroup;
			children = (
				06FD1451158485EF00FDCD9E /* MUKURLConnection.h */,
				06FD1452158485EF00FDCD9E /* MUKNetworking.h */,
				06FD1453158485EF00FDCD9E /* MUKURLConnectionQueue.h */,
			);
			name = MUKNetworking;
			sourceTree = "<group>";
		};
		06FD14701584878900FDCD9E /* MUKToolkit */ = {
			isa = PBXGroup;
			children = (
				06FD14711584879800FDCD9E /* MUKToolkit.h */,
				06FD14721584879800FDCD9E /* MUK.h */,
				06FD14731584879800FDCD9E /* MUK+String.h */,
				06FD14741584879800FDCD9E /* MUK+Date.h */,
				06FD14751584879800FDCD9E /* MUK+Array.h */,
				06FD14761584879800FDCD9E /* MUK+URL.h */,
				06FD14771584879800FDCD9E /* MUK+Geometry.h */,
				06FD14781584879800FDCD9E /* MUK+Object.h */,
				06FD14791584879800FDCD9E /* MUK+Data.h */,
			);
			name = MUKToolkit;
			sourceTree = "<group>";
		};
		06FD149D1584894900FDCD9E /* Private Classes */ = {
			isa = PBXGroup;
			children = (
				06FD149E1584895D00FDCD9E /* MUKImageFetcherURLConnectionQueue_.h */,
				06FD149F1584895D00FDCD9E /* MUKImageFetcherURLConnectionQueue_.m */,
			);
			path = "Private Classes";
			sourceTree = "<group>";
		};
/* End PBXGroup section */

/* Begin PBXHeadersBuildPhase section */
		06FD13D7158482D400FDCD9E /* Headers */ = {
			isa = PBXHeadersBuildPhase;
			buildActionMask = 2147483647;
			files = (
				06FD1450158485E000FDCD9E /* MUKObjectCache.h in Headers */,
				06FD1454158485EF00FDCD9E /* MUKURLConnection.h in Headers */,
				06FD1455158485EF00FDCD9E /* MUKNetworking.h in Headers */,
				06FD1456158485EF00FDCD9E /* MUKURLConnectionQueue.h in Headers */,
				06FD145D158486D200FDCD9E /* MUKImageFetcher.h in Headers */,
				06FD147A1584879800FDCD9E /* MUKToolkit.h in Headers */,
				06FD147B1584879800FDCD9E /* MUK.h in Headers */,
				06FD147C1584879800FDCD9E /* MUK+String.h in Headers */,
				06FD147D1584879800FDCD9E /* MUK+Date.h in Headers */,
				06FD147E1584879800FDCD9E /* MUK+Array.h in Headers */,
				06FD147F1584879800FDCD9E /* MUK+URL.h in Headers */,
				06FD14801584879800FDCD9E /* MUK+Geometry.h in Headers */,
				06FD14811584879800FDCD9E /* MUK+Object.h in Headers */,
				06FD14821584879800FDCD9E /* MUK+Data.h in Headers */,
				06FD14A01584895D00FDCD9E /* MUKImageFetcherURLConnectionQueue_.h in Headers */,
			);
			runOnlyForDeploymentPostprocessing = 0;
		};
/* End PBXHeadersBuildPhase section */

/* Begin PBXNativeTarget section */
		06FD13D8158482D400FDCD9E /* MUKImageFetcher */ = {
			isa = PBXNativeTarget;
			buildConfigurationList = 06FD13FD158482D400FDCD9E /* Build configuration list for PBXNativeTarget "MUKImageFetcher" */;
			buildPhases = (
				06FD1483158487A100FDCD9E /* Copy MUKToolkit public headers */,
				06FD14571584862700FDCD9E /* Copy MUKObjectCache public headers */,
				06FD14591584866500FDCD9E /* Copy MUKNetworking public headers */,
				06FD13D5158482D400FDCD9E /* Sources */,
				06FD13D6158482D400FDCD9E /* Frameworks */,
				06FD13D7158482D400FDCD9E /* Headers */,
				06FD149C158488B200FDCD9E /* Prepare Framework */,
			);
			buildRules = (
			);
			dependencies = (
			);
			name = MUKImageFetcher;
			productName = MUKImageFetcher;
			productReference = 06FD13D9158482D400FDCD9E /* libMUKImageFetcher.a */;
			productType = "com.apple.product-type.library.static";
		};
		06FD13E8158482D400FDCD9E /* MUKImageFetcherTests */ = {
			isa = PBXNativeTarget;
			buildConfigurationList = 06FD1400158482D400FDCD9E /* Build configuration list for PBXNativeTarget "MUKImageFetcherTests" */;
			buildPhases = (
				06FD13E4158482D400FDCD9E /* Sources */,
				06FD13E5158482D400FDCD9E /* Frameworks */,
				06FD13E6158482D400FDCD9E /* Resources */,
				06FD13E7158482D400FDCD9E /* ShellScript */,
			);
			buildRules = (
			);
			dependencies = (
				06FD13F0158482D400FDCD9E /* PBXTargetDependency */,
			);
			name = MUKImageFetcherTests;
			productName = MUKImageFetcherTests;
			productReference = 06FD13E9158482D400FDCD9E /* MUKImageFetcherTests.octest */;
			productType = "com.apple.product-type.bundle";
		};
/* End PBXNativeTarget section */

/* Begin PBXProject section */
		06FD13D0158482D300FDCD9E /* Project object */ = {
			isa = PBXProject;
			attributes = {
				LastUpgradeCheck = 0430;
			};
			buildConfigurationList = 06FD13D3158482D300FDCD9E /* Build configuration list for PBXProject "MUKImageFetcher" */;
			compatibilityVersion = "Xcode 3.2";
			developmentRegion = English;
			hasScannedForEncodings = 0;
			knownRegions = (
				en,
			);
			mainGroup = 06FD13CE158482D300FDCD9E;
			productRefGroup = 06FD13DA158482D400FDCD9E /* Products */;
			projectDirPath = "";
			projectRoot = "";
			targets = (
				06FD13D8158482D400FDCD9E /* MUKImageFetcher */,
				06FD13E8158482D400FDCD9E /* MUKImageFetcherTests */,
				06FD14B215848A1E00FDCD9E /* MUKImageFetcherDocumentation */,
			);
		};
/* End PBXProject section */

/* Begin PBXResourcesBuildPhase section */
		06FD13E6158482D400FDCD9E /* Resources */ = {
			isa = PBXResourcesBuildPhase;
			buildActionMask = 2147483647;
			files = (
				06FD13F7158482D400FDCD9E /* InfoPlist.strings in Resources */,
				06FD14BE15848D8800FDCD9E /* Steve-Jobs.jpg in Resources */,
			);
			runOnlyForDeploymentPostprocessing = 0;
		};
/* End PBXResourcesBuildPhase section */

/* Begin PBXShellScriptBuildPhase section */
		06FD13E7158482D400FDCD9E /* ShellScript */ = {
			isa = PBXShellScriptBuildPhase;
			buildActionMask = 2147483647;
			files = (
			);
			inputPaths = (
			);
			outputPaths = (
			);
			runOnlyForDeploymentPostprocessing = 0;
			shellPath = /bin/sh;
			shellScript = "# Run the unit tests in this test bundle.\n\"${SYSTEM_DEVELOPER_DIR}/Tools/RunUnitTests\"\n";
		};
		06FD149C158488B200FDCD9E /* Prepare Framework */ = {
			isa = PBXShellScriptBuildPhase;
			buildActionMask = 2147483647;
			files = (
			);
			inputPaths = (
			);
			name = "Prepare Framework";
			outputPaths = (
			);
			runOnlyForDeploymentPostprocessing = 0;
			shellPath = /bin/sh;
			shellScript = "set -e\n\nmkdir -p \"${BUILT_PRODUCTS_DIR}/${PRODUCT_NAME}.framework/Versions/A\"\nmkdir -p \"${BUILT_PRODUCTS_DIR}/${PRODUCT_NAME}.framework/Versions/A/Headers\"\n\n# Link the \"Current\" version to \"A\"\nln -sfh A \"${BUILT_PRODUCTS_DIR}/${PRODUCT_NAME}.framework/Versions/Current\"\nln -sfh Versions/Current/Headers \"${BUILT_PRODUCTS_DIR}/${PRODUCT_NAME}.framework/Headers\"\nln -sfh \"Versions/Current/${PRODUCT_NAME}\" \"${BUILT_PRODUCTS_DIR}/${PRODUCT_NAME}.framework/${PRODUCT_NAME}\"\n\n# The -a ensures that the headers maintain the source modification date so that we don't constantly\n# cause propagating rebuilds of files that import these headers.\ncp -a \"${TARGET_BUILD_DIR}/${PUBLIC_HEADERS_FOLDER_PATH}/\" \"${BUILT_PRODUCTS_DIR}/${PRODUCT_NAME}.framework/Versions/A/Headers\"";
		};
		06FD14B615848A3500FDCD9E /* ShellScript */ = {
			isa = PBXShellScriptBuildPhase;
			buildActionMask = 2147483647;
			files = (
			);
			inputPaths = (
			);
			outputPaths = (
			);
			runOnlyForDeploymentPostprocessing = 0;
			shellPath = /bin/sh;
			shellScript = "/usr/local/bin/appledoc \\\n--project-name \"MUKImageFetcher\" \\\n--project-company \"MeLive\" \\\n--company-id \"it.melive\" \\\n--output \"Documentation\" \\\n--logformat xcode \\\n--keep-undocumented-objects \\\n--keep-undocumented-members \\\n--no-repeat-first-par \\\n--no-warn-invalid-crossref \\\n--ignore \"*.m\" \\\n--ignore \"MUKImageFetcherTests\" \\\n--ignore \"Example\" \\\n--ignore \"Private Classes\" \\\n--ignore \"Submodules\" \\\n--exit-threshold 2 \\\n\"${PROJECT_DIR}\"";
		};
/* End PBXShellScriptBuildPhase section */

/* Begin PBXSourcesBuildPhase section */
		06FD13D5158482D400FDCD9E /* Sources */ = {
			isa = PBXSourcesBuildPhase;
			buildActionMask = 2147483647;
			files = (
				06FD13E3158482D400FDCD9E /* MUKImageFetcher.m in Sources */,
				06FD14A11584895D00FDCD9E /* MUKImageFetcherURLConnectionQueue_.m in Sources */,
			);
			runOnlyForDeploymentPostprocessing = 0;
		};
		06FD13E4158482D400FDCD9E /* Sources */ = {
			isa = PBXSourcesBuildPhase;
			buildActionMask = 2147483647;
			files = (
				06FD13FA158482D400FDCD9E /* MUKImageFetcherTests.m in Sources */,
			);
			runOnlyForDeploymentPostprocessing = 0;
		};
/* End PBXSourcesBuildPhase section */

/* Begin PBXTargetDependency section */
		06FD13F0158482D400FDCD9E /* PBXTargetDependency */ = {
			isa = PBXTargetDependency;
			target = 06FD13D8158482D400FDCD9E /* MUKImageFetcher */;
			targetProxy = 06FD13EF158482D400FDCD9E /* PBXContainerItemProxy */;
		};
/* End PBXTargetDependency section */

/* Begin PBXVariantGroup section */
		06FD13F5158482D400FDCD9E /* InfoPlist.strings */ = {
			isa = PBXVariantGroup;
			children = (
				06FD13F6158482D400FDCD9E /* en */,
			);
			name = InfoPlist.strings;
			sourceTree = "<group>";
		};
/* End PBXVariantGroup section */

/* Begin XCBuildConfiguration section */
		06FD13FB158482D400FDCD9E /* Debug */ = {
			isa = XCBuildConfiguration;
			buildSettings = {
				ALWAYS_SEARCH_USER_PATHS = NO;
				ARCHS = (
					armv7,
					armv6,
				);
				CLANG_ENABLE_OBJC_ARC = YES;
				COPY_PHASE_STRIP = NO;
				DEAD_CODE_STRIPPING = NO;
				GCC_C_LANGUAGE_STANDARD = gnu99;
				GCC_DYNAMIC_NO_PIC = NO;
				GCC_OPTIMIZATION_LEVEL = 0;
				GCC_PREPROCESSOR_DEFINITIONS = (
					"DEBUG=1",
					"$(inherited)",
				);
				GCC_SYMBOLS_PRIVATE_EXTERN = NO;
				GCC_VERSION = com.apple.compilers.llvm.clang.1_0;
				GCC_WARN_ABOUT_RETURN_TYPE = YES;
				GCC_WARN_UNINITIALIZED_AUTOS = YES;
				GCC_WARN_UNUSED_VARIABLE = YES;
				IPHONEOS_DEPLOYMENT_TARGET = 4.0;
				PUBLIC_HEADERS_FOLDER_PATH = Headers;
				SDKROOT = iphoneos;
				STRIP_STYLE = "non-global";
			};
			name = Debug;
		};
		06FD13FC158482D400FDCD9E /* Release */ = {
			isa = XCBuildConfiguration;
			buildSettings = {
				ALWAYS_SEARCH_USER_PATHS = NO;
				ARCHS = (
					armv7,
					armv6,
				);
				CLANG_ENABLE_OBJC_ARC = YES;
				COPY_PHASE_STRIP = NO;
				DEAD_CODE_STRIPPING = NO;
				GCC_C_LANGUAGE_STANDARD = gnu99;
				GCC_VERSION = com.apple.compilers.llvm.clang.1_0;
				GCC_WARN_ABOUT_RETURN_TYPE = YES;
				GCC_WARN_UNINITIALIZED_AUTOS = YES;
				GCC_WARN_UNUSED_VARIABLE = YES;
				IPHONEOS_DEPLOYMENT_TARGET = 4.0;
				PUBLIC_HEADERS_FOLDER_PATH = Headers;
				SDKROOT = iphoneos;
				STRIP_STYLE = "non-global";
				VALIDATE_PRODUCT = YES;
			};
			name = Release;
		};
		06FD13FE158482D400FDCD9E /* Debug */ = {
			isa = XCBuildConfiguration;
			buildSettings = {
				DSTROOT = /tmp/MUKImageFetcher.dst;
				GCC_PRECOMPILE_PREFIX_HEADER = YES;
				GCC_PREFIX_HEADER = "MUKImageFetcher/MUKImageFetcher-Prefix.pch";
				HEADER_SEARCH_PATHS = "${BUILT_PRODUCTS_DIR}/MUK/DependenciesHeaders";
				OTHER_LDFLAGS = "-ObjC";
				PRODUCT_NAME = "$(TARGET_NAME)";
				SKIP_INSTALL = YES;
			};
			name = Debug;
		};
		06FD13FF158482D400FDCD9E /* Release */ = {
			isa = XCBuildConfiguration;
			buildSettings = {
				DSTROOT = /tmp/MUKImageFetcher.dst;
				GCC_PRECOMPILE_PREFIX_HEADER = YES;
				GCC_PREFIX_HEADER = "MUKImageFetcher/MUKImageFetcher-Prefix.pch";
				HEADER_SEARCH_PATHS = "${BUILT_PRODUCTS_DIR}/MUK/DependenciesHeaders";
				OTHER_LDFLAGS = "-ObjC";
				PRODUCT_NAME = "$(TARGET_NAME)";
				SKIP_INSTALL = YES;
			};
			name = Release;
		};
		06FD1401158482D400FDCD9E /* Debug */ = {
			isa = XCBuildConfiguration;
			buildSettings = {
				FRAMEWORK_SEARCH_PATHS = (
					"$(SDKROOT)/Developer/Library/Frameworks",
					"$(DEVELOPER_LIBRARY_DIR)/Frameworks",
				);
				GCC_PRECOMPILE_PREFIX_HEADER = YES;
				GCC_PREFIX_HEADER = "MUKImageFetcher/MUKImageFetcher-Prefix.pch";
				INFOPLIST_FILE = "MUKImageFetcherTests/MUKImageFetcherTests-Info.plist";
				OTHER_LDFLAGS = "-ObjC";
				PRODUCT_NAME = "$(TARGET_NAME)";
				WRAPPER_EXTENSION = octest;
			};
			name = Debug;
		};
		06FD1402158482D400FDCD9E /* Release */ = {
			isa = XCBuildConfiguration;
			buildSettings = {
				FRAMEWORK_SEARCH_PATHS = (
					"$(SDKROOT)/Developer/Library/Frameworks",
					"$(DEVELOPER_LIBRARY_DIR)/Frameworks",
				);
				GCC_PRECOMPILE_PREFIX_HEADER = YES;
				GCC_PREFIX_HEADER = "MUKImageFetcher/MUKImageFetcher-Prefix.pch";
				INFOPLIST_FILE = "MUKImageFetcherTests/MUKImageFetcherTests-Info.plist";
				OTHER_LDFLAGS = "-ObjC";
				PRODUCT_NAME = "$(TARGET_NAME)";
				WRAPPER_EXTENSION = octest;
			};
			name = Release;
		};
		06FD14B415848A1E00FDCD9E /* Debug */ = {
			isa = XCBuildConfiguration;
			buildSettings = {
				PRODUCT_NAME = "$(TARGET_NAME)";
			};
			name = Debug;
		};
		06FD14B515848A1E00FDCD9E /* Release */ = {
			isa = XCBuildConfiguration;
			buildSettings = {
				PRODUCT_NAME = "$(TARGET_NAME)";
			};
			name = Release;
		};
/* End XCBuildConfiguration section */

/* Begin XCConfigurationList section */
		06FD13D3158482D300FDCD9E /* Build configuration list for PBXProject "MUKImageFetcher" */ = {
			isa = XCConfigurationList;
			buildConfigurations = (
				06FD13FB158482D400FDCD9E /* Debug */,
				06FD13FC158482D400FDCD9E /* Release */,
			);
			defaultConfigurationIsVisible = 0;
			defaultConfigurationName = Release;
		};
		06FD13FD158482D400FDCD9E /* Build configuration list for PBXNativeTarget "MUKImageFetcher" */ = {
			isa = XCConfigurationList;
			buildConfigurations = (
				06FD13FE158482D400FDCD9E /* Debug */,
				06FD13FF158482D400FDCD9E /* Release */,
			);
			defaultConfigurationIsVisible = 0;
			defaultConfigurationName = Release;
		};
		06FD1400158482D400FDCD9E /* Build configuration list for PBXNativeTarget "MUKImageFetcherTests" */ = {
			isa = XCConfigurationList;
			buildConfigurations = (
				06FD1401158482D400FDCD9E /* Debug */,
				06FD1402158482D400FDCD9E /* Release */,
			);
			defaultConfigurationIsVisible = 0;
			defaultConfigurationName = Release;
		};
		06FD14B315848A1E00FDCD9E /* Build configuration list for PBXAggregateTarget "MUKImageFetcherDocumentation" */ = {
			isa = XCConfigurationList;
			buildConfigurations = (
				06FD14B415848A1E00FDCD9E /* Debug */,
				06FD14B515848A1E00FDCD9E /* Release */,
			);
			defaultConfigurationIsVisible = 0;
		};
/* End XCConfigurationList section */
	};
	rootObject = 06FD13D0158482D300FDCD9E /* Project object */;
}
