// !$*UTF8*$!
{
	archiveVersion = 1;
	classes = {
	};
	objectVersion = 46;
	objects = {

/* Begin PBXBuildFile section */
		06FD14131584834100FDCD9E /* UIKit.framework in Frameworks */ = {isa = PBXBuildFile; fileRef = 06FD14121584834100FDCD9E /* UIKit.framework */; };
		06FD14151584834100FDCD9E /* Foundation.framework in Frameworks */ = {isa = PBXBuildFile; fileRef = 06FD14141584834100FDCD9E /* Foundation.framework */; };
		06FD14171584834100FDCD9E /* CoreGraphics.framework in Frameworks */ = {isa = PBXBuildFile; fileRef = 06FD14161584834100FDCD9E /* CoreGraphics.framework */; };
		06FD141D1584834100FDCD9E /* InfoPlist.strings in Resources */ = {isa = PBXBuildFile; fileRef = 06FD141B1584834100FDCD9E /* InfoPlist.strings */; };
		06FD141F1584834100FDCD9E /* main.m in Sources */ = {isa = PBXBuildFile; fileRef = 06FD141E1584834100FDCD9E /* main.m */; };
		06FD14231584834100FDCD9E /* AppDelegate.m in Sources */ = {isa = PBXBuildFile; fileRef = 06FD14221584834100FDCD9E /* AppDelegate.m */; };
/* End PBXBuildFile section */

/* Begin PBXFileReference section */
		06FD140E1584834100FDCD9E /* MUKImageFetcherExample.app */ = {isa = PBXFileReference; explicitFileType = wrapper.application; includeInIndex = 0; path = MUKImageFetcherExample.app; sourceTree = BUILT_PRODUCTS_DIR; };
		06FD14121584834100FDCD9E /* UIKit.framework */ = {isa = PBXFileReference; lastKnownFileType = wrapper.framework; name = UIKit.framework; path = System/Library/Frameworks/UIKit.framework; sourceTree = SDKROOT; };
		06FD14141584834100FDCD9E /* Foundation.framework */ = {isa = PBXFileReference; lastKnownFileType = wrapper.framework; name = Foundation.framework; path = System/Library/Frameworks/Foundation.framework; sourceTree = SDKROOT; };
		06FD14161584834100FDCD9E /* CoreGraphics.framework */ = {isa = PBXFileReference; lastKnownFileType = wrapper.framework; name = CoreGraphics.framework; path = System/Library/Frameworks/CoreGraphics.framework; sourceTree = SDKROOT; };
		06FD141A1584834100FDCD9E /* MUKImageFetcherExample-Info.plist */ = {isa = PBXFileReference; lastKnownFileType = text.plist.xml; path = "MUKImageFetcherExample-Info.plist"; sourceTree = "<group>"; };
		06FD141C1584834100FDCD9E /* en */ = {isa = PBXFileReference; lastKnownFileType = text.plist.strings; name = en; path = en.lproj/InfoPlist.strings; sourceTree = "<group>"; };
		06FD141E1584834100FDCD9E /* main.m */ = {isa = PBXFileReference; lastKnownFileType = sourcecode.c.objc; path = main.m; sourceTree = "<group>"; };
		06FD14201584834100FDCD9E /* MUKImageFetcherExample-Prefix.pch */ = {isa = PBXFileReference; lastKnownFileType = sourcecode.c.h; path = "MUKImageFetcherExample-Prefix.pch"; sourceTree = "<group>"; };
		06FD14211584834100FDCD9E /* AppDelegate.h */ = {isa = PBXFileReference; lastKnownFileType = sourcecode.c.h; path = AppDelegate.h; sourceTree = "<group>"; };
		06FD14221584834100FDCD9E /* AppDelegate.m */ = {isa = PBXFileReference; lastKnownFileType = sourcecode.c.objc; path = AppDelegate.m; sourceTree = "<group>"; };
/* End PBXFileReference section */

/* Begin PBXFrameworksBuildPhase section */
		06FD140B1584834100FDCD9E /* Frameworks */ = {
			isa = PBXFrameworksBuildPhase;
			buildActionMask = 2147483647;
			files = (
				06FD14131584834100FDCD9E /* UIKit.framework in Frameworks */,
				06FD14151584834100FDCD9E /* Foundation.framework in Frameworks */,
				06FD14171584834100FDCD9E /* CoreGraphics.framework in Frameworks */,
			);
			runOnlyForDeploymentPostprocessing = 0;
		};
/* End PBXFrameworksBuildPhase section */

/* Begin PBXGroup section */
		06FD14031584834100FDCD9E = {
			isa = PBXGroup;
			children = (
				06FD14181584834100FDCD9E /* MUKImageFetcherExample */,
				06FD14111584834100FDCD9E /* Frameworks */,
				06FD140F1584834100FDCD9E /* Products */,
			);
			sourceTree = "<group>";
		};
		06FD140F1584834100FDCD9E /* Products */ = {
			isa = PBXGroup;
			children = (
				06FD140E1584834100FDCD9E /* MUKImageFetcherExample.app */,
			);
			name = Products;
			sourceTree = "<group>";
		};
		06FD14111584834100FDCD9E /* Frameworks */ = {
			isa = PBXGroup;
			children = (
				06FD14121584834100FDCD9E /* UIKit.framework */,
				06FD14141584834100FDCD9E /* Foundation.framework */,
				06FD14161584834100FDCD9E /* CoreGraphics.framework */,
			);
			name = Frameworks;
			sourceTree = "<group>";
		};
		06FD14181584834100FDCD9E /* MUKImageFetcherExample */ = {
			isa = PBXGroup;
			children = (
				06FD14211584834100FDCD9E /* AppDelegate.h */,
				06FD14221584834100FDCD9E /* AppDelegate.m */,
				06FD14191584834100FDCD9E /* Supporting Files */,
			);
			path = MUKImageFetcherExample;
			sourceTree = "<group>";
		};
		06FD14191584834100FDCD9E /* Supporting Files */ = {
			isa = PBXGroup;
			children = (
				06FD141A1584834100FDCD9E /* MUKImageFetcherExample-Info.plist */,
				06FD141B1584834100FDCD9E /* InfoPlist.strings */,
				06FD141E1584834100FDCD9E /* main.m */,
				06FD14201584834100FDCD9E /* MUKImageFetcherExample-Prefix.pch */,
			);
			name = "Supporting Files";
			sourceTree = "<group>";
		};
/* End PBXGroup section */

/* Begin PBXNativeTarget section */
		06FD140D1584834100FDCD9E /* MUKImageFetcherExample */ = {
			isa = PBXNativeTarget;
			buildConfigurationList = 06FD14261584834100FDCD9E /* Build configuration list for PBXNativeTarget "MUKImageFetcherExample" */;
			buildPhases = (
				06FD140A1584834100FDCD9E /* Sources */,
				06FD140B1584834100FDCD9E /* Frameworks */,
				06FD140C1584834100FDCD9E /* Resources */,
			);
			buildRules = (
			);
			dependencies = (
			);
			name = MUKImageFetcherExample;
			productName = MUKImageFetcherExample;
			productReference = 06FD140E1584834100FDCD9E /* MUKImageFetcherExample.app */;
			productType = "com.apple.product-type.application";
		};
/* End PBXNativeTarget section */

/* Begin PBXProject section */
		06FD14051584834100FDCD9E /* Project object */ = {
			isa = PBXProject;
			attributes = {
				LastUpgradeCheck = 0430;
			};
			buildConfigurationList = 06FD14081584834100FDCD9E /* Build configuration list for PBXProject "MUKImageFetcherExample" */;
			compatibilityVersion = "Xcode 3.2";
			developmentRegion = English;
			hasScannedForEncodings = 0;
			knownRegions = (
				en,
			);
			mainGroup = 06FD14031584834100FDCD9E;
			productRefGroup = 06FD140F1584834100FDCD9E /* Products */;
			projectDirPath = "";
			projectRoot = "";
			targets = (
				06FD140D1584834100FDCD9E /* MUKImageFetcherExample */,
			);
		};
/* End PBXProject section */

/* Begin PBXResourcesBuildPhase section */
		06FD140C1584834100FDCD9E /* Resources */ = {
			isa = PBXResourcesBuildPhase;
			buildActionMask = 2147483647;
			files = (
				06FD141D1584834100FDCD9E /* InfoPlist.strings in Resources */,
			);
			runOnlyForDeploymentPostprocessing = 0;
		};
/* End PBXResourcesBuildPhase section */

/* Begin PBXSourcesBuildPhase section */
		06FD140A1584834100FDCD9E /* Sources */ = {
			isa = PBXSourcesBuildPhase;
			buildActionMask = 2147483647;
			files = (
				06FD141F1584834100FDCD9E /* main.m in Sources */,
				06FD14231584834100FDCD9E /* AppDelegate.m in Sources */,
			);
			runOnlyForDeploymentPostprocessing = 0;
		};
/* End PBXSourcesBuildPhase section */

/* Begin PBXVariantGroup section */
		06FD141B1584834100FDCD9E /* InfoPlist.strings */ = {
			isa = PBXVariantGroup;
			children = (
				06FD141C1584834100FDCD9E /* en */,
			);
			name = InfoPlist.strings;
			sourceTree = "<group>";
		};
/* End PBXVariantGroup section */

/* Begin XCBuildConfiguration section */
		06FD14241584834100FDCD9E /* Debug */ = {
			isa = XCBuildConfiguration;
			buildSettings = {
				ALWAYS_SEARCH_USER_PATHS = NO;
				ARCHS = "$(ARCHS_STANDARD_32_BIT)";
				CLANG_ENABLE_OBJC_ARC = YES;
				"CODE_SIGN_IDENTITY[sdk=iphoneos*]" = "iPhone Developer";
				COPY_PHASE_STRIP = NO;
				GCC_C_LANGUAGE_STANDARD = gnu99;
				GCC_DYNAMIC_NO_PIC = NO;
				GCC_OPTIMIZATION_LEVEL = 0;
				GCC_PREPROCESSOR_DEFINITIONS = (
					"DEBUG=1",
					"$(inherited)",
				);
				GCC_SYMBOLS_PRIVATE_EXTERN = NO;
				GCC_VERSION = com.apple.compilers.llvm.clang.1_0;
				GCC_WARN_ABOUT_RETURN_TYPE = YES;
				GCC_WARN_UNINITIALIZED_AUTOS = YES;
				GCC_WARN_UNUSED_VARIABLE = YES;
				IPHONEOS_DEPLOYMENT_TARGET = 5.1;
				SDKROOT = iphoneos;
			};
			name = Debug;
		};
		06FD14251584834100FDCD9E /* Release */ = {
			isa = XCBuildConfiguration;
			buildSettings = {
				ALWAYS_SEARCH_USER_PATHS = NO;
				ARCHS = "$(ARCHS_STANDARD_32_BIT)";
				CLANG_ENABLE_OBJC_ARC = YES;
				"CODE_SIGN_IDENTITY[sdk=iphoneos*]" = "iPhone Developer";
				COPY_PHASE_STRIP = YES;
				GCC_C_LANGUAGE_STANDARD = gnu99;
				GCC_VERSION = com.apple.compilers.llvm.clang.1_0;
				GCC_WARN_ABOUT_RETURN_TYPE = YES;
				GCC_WARN_UNINITIALIZED_AUTOS = YES;
				GCC_WARN_UNUSED_VARIABLE = YES;
				IPHONEOS_DEPLOYMENT_TARGET = 5.1;
				OTHER_CFLAGS = "-DNS_BLOCK_ASSERTIONS=1";
				SDKROOT = iphoneos;
				VALIDATE_PRODUCT = YES;
			};
			name = Release;
		};
		06FD14271584834100FDCD9E /* Debug */ = {
			isa = XCBuildConfiguration;
			buildSettings = {
				GCC_PRECOMPILE_PREFIX_HEADER = YES;
				GCC_PREFIX_HEADER = "MUKImageFetcherExample/MUKImageFetcherExample-Prefix.pch";
				INFOPLIST_FILE = "MUKImageFetcherExample/MUKImageFetcherExample-Info.plist";
				PRODUCT_NAME = "$(TARGET_NAME)";
				WRAPPER_EXTENSION = app;
			};
			name = Debug;
		};
		06FD14281584834100FDCD9E /* Release */ = {
			isa = XCBuildConfiguration;
			buildSettings = {
				GCC_PRECOMPILE_PREFIX_HEADER = YES;
				GCC_PREFIX_HEADER = "MUKImageFetcherExample/MUKImageFetcherExample-Prefix.pch";
				INFOPLIST_FILE = "MUKImageFetcherExample/MUKImageFetcherExample-Info.plist";
				PRODUCT_NAME = "$(TARGET_NAME)";
				WRAPPER_EXTENSION = app;
			};
			name = Release;
		};
/* End XCBuildConfiguration section */

/* Begin XCConfigurationList section */
		06FD14081584834100FDCD9E /* Build configuration list for PBXProject "MUKImageFetcherExample" */ = {
			isa = XCConfigurationList;
			buildConfigurations = (
				06FD14241584834100FDCD9E /* Debug */,
				06FD14251584834100FDCD9E /* Release */,
			);
			defaultConfigurationIsVisible = 0;
			defaultConfigurationName = Release;
		};
		06FD14261584834100FDCD9E /* Build configuration list for PBXNativeTarget "MUKImageFetcherExample" */ = {
			isa = XCConfigurationList;
			buildConfigurations = (
				06FD14271584834100FDCD9E /* Debug */,
				06FD14281584834100FDCD9E /* Release */,
			);
			defaultConfigurationIsVisible = 0;
		};
/* End XCConfigurationList section */
	};
	rootObject = 06FD14051584834100FDCD9E /* Project object */;
}
